{
  "requires": true,
  "lockfileVersion": 1,
  "dependencies": {
    "angular-strap": {
      "version": "2.3.12",
      "resolved": "https://registry.npmjs.org/angular-strap/-/angular-strap-2.3.12.tgz",
      "integrity": "sha1-+uIWVc13B5Zxv5GKt+1iJ3gwYvo="
    },
    "bootstrap": {
      "version": "3.3.7",
      "resolved": "https://registry.npmjs.org/bootstrap/-/bootstrap-3.3.7.tgz",
      "integrity": "sha1-WjiTlFSfIzMIdaOxUGVldPip63E="
    }
  }
}
